<Solution>
  <Folder Name="/.github/">
    <File Path=".github/workflows/publish-nuget.yml" />
    <File Path="copilot-instructions.md" />
  </Folder>
  <Folder Name="/Solution Items/">
    <File Path=".editorconfig" />
    <File Path=".github/copilot-instructions.md" />
    <File Path=".gitignore" />
    <File Path="CHANGELOG.md" />
    <File Path="copilot-instructions.md" />
    <File Path="dotnet.config" />
    <File Path="Specification/Base_Class_Refactoring_Complete.md" />
    <File Path="Specification/Dashboard_API_Current_Status.md" />
    <File Path="Specification/Dashboard_Model_Refactoring_Plan.md" />
    <File Path="Specification/FileReorganization_OneFilePerType_Complete.md" />
    <File Path="Specification/ImplementationPlan.md" />
    <File Path="Specification/NEXT_SESSION_START_HERE.md" />
    <File Path="Specification/Phase2_Complete_Summary.md" />
    <File Path="Specification/Phase2_TestsAPI_Complete.md" />
    <File Path="Specification/Phase3_Dashboards_Complete_Summary.md" />
    <File Path="Specification/Phase4_BgpMonitors_Complete.md" />
    <File Path="Specification/Phase4_BgpMonitors_Implementation_Plan.md" />
    <File Path="Specification/Phase4_Complete.md" />
    <File Path="Specification/Phase4_Complete_Implementation_Plan.md" />
    <File Path="Specification/Phase4_InternetInsights_Complete.md" />
    <File Path="Specification/Phase4_Status_Summary.md" />
    <File Path="Specification/Phase5_Credentials_Complete.md" />
    <File Path="Specification/Phase5_Credentials_Implementation_Plan.md" />
    <File Path="Specification/Phase5_Integrations_Complete.md" />
    <File Path="Specification/Phase5_Integrations_Implementation_Plan.md" />
    <File Path="Specification/Phase6_Tags_Complete.md" />
    <File Path="Specification/Phase6_Tags_Implementation_Plan.md" />
    <File Path="Specification/Phase6_Templates_Implementation_Plan.md" />
    <File Path="Specification/Phase6_TestSnapshots_Complete.md" />
    <File Path="Specification/Session_Handoff_Phase5.md" />
    <File Path="ThousandEyes.Api.dic" />
    <File Path="LICENSE" />
    <File Path="Publish.ps1" />
    <File Path="README.md" />
    <File Path="version.json" />
  </Folder>
  <Folder Name="/Specification/">
    <File Path="Specification/administrative_api_7_0_63.yaml" />
    <File Path="Specification/agents_api_7_0_63.yaml" />
    <File Path="Specification/alerts_api_7_0_63.yaml" />
    <File Path="Specification/bgp_monitors_api_7_0_63.yaml" />
    <File Path="Specification/credentials_api_7_0_63.yaml" />
    <File Path="Specification/dashboards_api_7_0_63.yaml" />
    <File Path="Specification/emulation_api_7_0_63.yaml" />
    <File Path="Specification/endpoint_agents_api_7_0_63.yaml" />
    <File Path="Specification/event_detection_api_7_0_63.yaml" />
    <File Path="Specification/ImplementationPlan.md" />
    <File Path="Specification/integrations_api_7_0_63.yaml" />
    <File Path="Specification/internet_insights_api_7_0_63.yaml" />
    <File Path="Specification/tags_api_7_0_63.yaml" />
    <File Path="Specification/templates_api_7_0_63.yaml" />
    <File Path="Specification/tests_api_7_0_63.yaml" />
    <File Path="Specification/test_snapshots_api_7_0_63.yaml" />
    <File Path="Specification/thousand_eyes_for_open_telemetry_api_7_0_63.yaml" />
  </Folder>
  <Project Path="ThousandEyes.Api.Test/ThousandEyes.Api.Test.csproj" />
  <Project Path="ThousandEyes.Api/ThousandEyes.Api.csproj" />
</Solution>
